
Microsoft Visual Studio Solution File, Format Version 12.00
# Visual Studio Version 16
VisualStudioVersion = 16.0.29728.190
MinimumVisualStudioVersion = 10.0.40219.1
Project("{F184B08F-C81C-45F6-A57F-5ABD9991F28F}") = "practica3", "practica3\practica3.vbproj", "{166ABAFB-E629-400D-AFB7-ED7D7ACF477E}"
EndProject
Global
	GlobalSection(SolutionConfigurationPlatforms) = preSolution
		Debug|Any CPU = Debug|Any CPU
		Release|Any CPU = Release|Any CPU
	EndGlobalSection
	GlobalSection(ProjectConfigurationPlatforms) = postSolution
		{166ABAFB-E629-400D-AFB7-ED7D7ACF477E}.Debug|Any CPU.ActiveCfg = Debug|Any CPU
		{166ABAFB-E629-400D-AFB7-ED7D7ACF477E}.Debug|Any CPU.Build.0 = Debug|Any CPU
		{166ABAFB-E629-400D-AFB7-ED7D7ACF477E}.Release|Any CPU.ActiveCfg = Release|Any CPU
		{166ABAFB-E629-400D-AFB7-ED7D7ACF477E}.Release|Any CPU.Build.0 = Release|Any CPU
	EndGlobalSection
	GlobalSection(SolutionProperties) = preSolution
		HideSolutionNode = FALSE
	EndGlobalSection
	GlobalSection(ExtensibilityGlobals) = postSolution
		SolutionGuid = {B12AFC92-DEC4-47FC-9092-5184B67A7B74}
	EndGlobalSection
EndGlobal
